
Microsoft Visual Studio Solution File, Format Version 12.00
# Visual Studio 15
VisualStudioVersion = 15.0.27004.2005
MinimumVisualStudioVersion = 10.0.40219.1
Project("{FAE04EC0-301F-11D3-BF4B-00C04F79EFBC}") = "TestSetup", "TestSetup\TestSetup.csproj", "{D4630894-56DB-4B5D-8BBC-40862F38E512}"
EndProject
Project("{54435603-DBB4-11D2-8724-00A0C9A8B90C}") = "SetupProjectTest", "SetupProjectTest\SetupProjectTest.vdproj", "{93F6AC7D-ABB3-4DEC-A712-A9182DFAF070}"
EndProject
Global
	GlobalSection(SolutionConfigurationPlatforms) = preSolution
		Debug|Any CPU = Debug|Any CPU
		Release|Any CPU = Release|Any CPU
	EndGlobalSection
	GlobalSection(ProjectConfigurationPlatforms) = postSolution
		{D4630894-56DB-4B5D-8BBC-40862F38E512}.Debug|Any CPU.ActiveCfg = Debug|Any CPU
		{D4630894-56DB-4B5D-8BBC-40862F38E512}.Debug|Any CPU.Build.0 = Debug|Any CPU
		{D4630894-56DB-4B5D-8BBC-40862F38E512}.Release|Any CPU.ActiveCfg = Release|Any CPU
		{D4630894-56DB-4B5D-8BBC-40862F38E512}.Release|Any CPU.Build.0 = Release|Any CPU
		{93F6AC7D-ABB3-4DEC-A712-A9182DFAF070}.Debug|Any CPU.ActiveCfg = Debug
		{93F6AC7D-ABB3-4DEC-A712-A9182DFAF070}.Release|Any CPU.ActiveCfg = Release
	EndGlobalSection
	GlobalSection(SolutionProperties) = preSolution
		HideSolutionNode = FALSE
	EndGlobalSection
	GlobalSection(ExtensibilityGlobals) = postSolution
		SolutionGuid = {1C67E71E-4075-4D12-8F62-DBA1B09CF042}
	EndGlobalSection
EndGlobal
